// !$*UTF8*$!
{
	archiveVersion = 1;
	classes = {
	};
	objectVersion = 52;
	objects = {

/* Begin PBXBuildFile section */
		0016F7A6230AEF13004FB3E3 /* AppDelegate.swift in Sources */ = {isa = PBXBuildFile; fileRef = 0016F7A5230AEF13004FB3E3 /* AppDelegate.swift */; };
		0016F7A8230AEF13004FB3E3 /* SceneDelegate.swift in Sources */ = {isa = PBXBuildFile; fileRef = 0016F7A7230AEF13004FB3E3 /* SceneDelegate.swift */; };
		0016F7AA230AEF13004FB3E3 /* ViewController.swift in Sources */ = {isa = PBXBuildFile; fileRef = 0016F7A9230AEF13004FB3E3 /* ViewController.swift */; };
		0016F7AD230AEF13004FB3E3 /* Main.storyboard in Resources */ = {isa = PBXBuildFile; fileRef = 0016F7AB230AEF13004FB3E3 /* Main.storyboard */; };
		0016F7AF230AEF16004FB3E3 /* Assets.xcassets in Resources */ = {isa = PBXBuildFile; fileRef = 0016F7AE230AEF16004FB3E3 /* Assets.xcassets */; };
		0016F7B2230AEF16004FB3E3 /* LaunchScreen.storyboard in Resources */ = {isa = PBXBuildFile; fileRef = 0016F7B0230AEF16004FB3E3 /* LaunchScreen.storyboard */; };
		0016F7BD230AEF16004FB3E3 /* DiffableExampleTests.swift in Sources */ = {isa = PBXBuildFile; fileRef = 0016F7BC230AEF16004FB3E3 /* DiffableExampleTests.swift */; };
		0016F7C8230AEF16004FB3E3 /* DiffableExampleUITests.swift in Sources */ = {isa = PBXBuildFile; fileRef = 0016F7C7230AEF16004FB3E3 /* DiffableExampleUITests.swift */; };
		0016F7DA230AF11B004FB3E3 /* NetworkPackage in Frameworks */ = {isa = PBXBuildFile; productRef = 0016F7D9230AF11B004FB3E3 /* NetworkPackage */; };
		0016F7E1230AF170004FB3E3 /* Owner.swift in Sources */ = {isa = PBXBuildFile; fileRef = 0016F7DC230AF170004FB3E3 /* Owner.swift */; };
		0016F7E2230AF170004FB3E3 /* Page.swift in Sources */ = {isa = PBXBuildFile; fileRef = 0016F7DD230AF170004FB3E3 /* Page.swift */; };
		0016F7E3230AF170004FB3E3 /* OwnerAvatar.swift in Sources */ = {isa = PBXBuildFile; fileRef = 0016F7DE230AF170004FB3E3 /* OwnerAvatar.swift */; };
		0016F7E4230AF170004FB3E3 /* JsonAssociatedData.swift in Sources */ = {isa = PBXBuildFile; fileRef = 0016F7DF230AF170004FB3E3 /* JsonAssociatedData.swift */; };
		0016F7E5230AF170004FB3E3 /* Repository.swift in Sources */ = {isa = PBXBuildFile; fileRef = 0016F7E0230AF170004FB3E3 /* Repository.swift */; };
		0016F7E7230AF1F5004FB3E3 /* Constants.swift in Sources */ = {isa = PBXBuildFile; fileRef = 0016F7E6230AF1F5004FB3E3 /* Constants.swift */; };
		0016F7EB230AF285004FB3E3 /* ReposTableViewCell.xib in Resources */ = {isa = PBXBuildFile; fileRef = 0016F7E9230AF285004FB3E3 /* ReposTableViewCell.xib */; };
		0016F7EC230AF285004FB3E3 /* ReposTableViewCell.swift in Sources */ = {isa = PBXBuildFile; fileRef = 0016F7EA230AF285004FB3E3 /* ReposTableViewCell.swift */; };
		0016F7EE230B1A7E004FB3E3 /* DateExtension.swift in Sources */ = {isa = PBXBuildFile; fileRef = 0016F7ED230B1A7E004FB3E3 /* DateExtension.swift */; };
/* End PBXBuildFile section */

/* Begin PBXContainerItemProxy section */
		0016F7B9230AEF16004FB3E3 /* PBXContainerItemProxy */ = {
			isa = PBXContainerItemProxy;
			containerPortal = 0016F79A230AEF13004FB3E3 /* Project object */;
			proxyType = 1;
			remoteGlobalIDString = 0016F7A1230AEF13004FB3E3;
			remoteInfo = DiffableExample;
		};
		0016F7C4230AEF16004FB3E3 /* PBXContainerItemProxy */ = {
			isa = PBXContainerItemProxy;
			containerPortal = 0016F79A230AEF13004FB3E3 /* Project object */;
			proxyType = 1;
			remoteGlobalIDString = 0016F7A1230AEF13004FB3E3;
			remoteInfo = DiffableExample;
		};
/* End PBXContainerItemProxy section */

/* Begin PBXFileReference section */
		0016F7A2230AEF13004FB3E3 /* DiffableExample.app */ = {isa = PBXFileReference; explicitFileType = wrapper.application; includeInIndex = 0; path = DiffableExample.app; sourceTree = BUILT_PRODUCTS_DIR; };
		0016F7A5230AEF13004FB3E3 /* AppDelegate.swift */ = {isa = PBXFileReference; lastKnownFileType = sourcecode.swift; path = AppDelegate.swift; sourceTree = "<group>"; };
		0016F7A7230AEF13004FB3E3 /* SceneDelegate.swift */ = {isa = PBXFileReference; lastKnownFileType = sourcecode.swift; path = SceneDelegate.swift; sourceTree = "<group>"; };
		0016F7A9230AEF13004FB3E3 /* ViewController.swift */ = {isa = PBXFileReference; lastKnownFileType = sourcecode.swift; path = ViewController.swift; sourceTree = "<group>"; };
		0016F7AC230AEF13004FB3E3 /* Base */ = {isa = PBXFileReference; lastKnownFileType = file.storyboard; name = Base; path = Base.lproj/Main.storyboard; sourceTree = "<group>"; };
		0016F7AE230AEF16004FB3E3 /* Assets.xcassets */ = {isa = PBXFileReference; lastKnownFileType = folder.assetcatalog; path = Assets.xcassets; sourceTree = "<group>"; };
		0016F7B1230AEF16004FB3E3 /* Base */ = {isa = PBXFileReference; lastKnownFileType = file.storyboard; name = Base; path = Base.lproj/LaunchScreen.storyboard; sourceTree = "<group>"; };
		0016F7B3230AEF16004FB3E3 /* Info.plist */ = {isa = PBXFileReference; lastKnownFileType = text.plist.xml; path = Info.plist; sourceTree = "<group>"; };
		0016F7B8230AEF16004FB3E3 /* DiffableExampleTests.xctest */ = {isa = PBXFileReference; explicitFileType = wrapper.cfbundle; includeInIndex = 0; path = DiffableExampleTests.xctest; sourceTree = BUILT_PRODUCTS_DIR; };
		0016F7BC230AEF16004FB3E3 /* DiffableExampleTests.swift */ = {isa = PBXFileReference; lastKnownFileType = sourcecode.swift; path = DiffableExampleTests.swift; sourceTree = "<group>"; };
		0016F7BE230AEF16004FB3E3 /* Info.plist */ = {isa = PBXFileReference; lastKnownFileType = text.plist.xml; path = Info.plist; sourceTree = "<group>"; };
		0016F7C3230AEF16004FB3E3 /* DiffableExampleUITests.xctest */ = {isa = PBXFileReference; explicitFileType = wrapper.cfbundle; includeInIndex = 0; path = DiffableExampleUITests.xctest; sourceTree = BUILT_PRODUCTS_DIR; };
		0016F7C7230AEF16004FB3E3 /* DiffableExampleUITests.swift */ = {isa = PBXFileReference; lastKnownFileType = sourcecode.swift; path = DiffableExampleUITests.swift; sourceTree = "<group>"; };
		0016F7C9230AEF16004FB3E3 /* Info.plist */ = {isa = PBXFileReference; lastKnownFileType = text.plist.xml; path = Info.plist; sourceTree = "<group>"; };
		0016F7DC230AF170004FB3E3 /* Owner.swift */ = {isa = PBXFileReference; fileEncoding = 4; lastKnownFileType = sourcecode.swift; path = Owner.swift; sourceTree = "<group>"; };
		0016F7DD230AF170004FB3E3 /* Page.swift */ = {isa = PBXFileReference; fileEncoding = 4; lastKnownFileType = sourcecode.swift; path = Page.swift; sourceTree = "<group>"; };
		0016F7DE230AF170004FB3E3 /* OwnerAvatar.swift */ = {isa = PBXFileReference; fileEncoding = 4; lastKnownFileType = sourcecode.swift; path = OwnerAvatar.swift; sourceTree = "<group>"; };
		0016F7DF230AF170004FB3E3 /* JsonAssociatedData.swift */ = {isa = PBXFileReference; fileEncoding = 4; lastKnownFileType = sourcecode.swift; path = JsonAssociatedData.swift; sourceTree = "<group>"; };
		0016F7E0230AF170004FB3E3 /* Repository.swift */ = {isa = PBXFileReference; fileEncoding = 4; lastKnownFileType = sourcecode.swift; path = Repository.swift; sourceTree = "<group>"; };
		0016F7E6230AF1F5004FB3E3 /* Constants.swift */ = {isa = PBXFileReference; fileEncoding = 4; lastKnownFileType = sourcecode.swift; path = Constants.swift; sourceTree = "<group>"; };
		0016F7E9230AF285004FB3E3 /* ReposTableViewCell.xib */ = {isa = PBXFileReference; fileEncoding = 4; lastKnownFileType = file.xib; path = ReposTableViewCell.xib; sourceTree = "<group>"; };
		0016F7EA230AF285004FB3E3 /* ReposTableViewCell.swift */ = {isa = PBXFileReference; fileEncoding = 4; lastKnownFileType = sourcecode.swift; path = ReposTableViewCell.swift; sourceTree = "<group>"; };
		0016F7ED230B1A7E004FB3E3 /* DateExtension.swift */ = {isa = PBXFileReference; fileEncoding = 4; lastKnownFileType = sourcecode.swift; path = DateExtension.swift; sourceTree = "<group>"; };
/* End PBXFileReference section */

/* Begin PBXFrameworksBuildPhase section */
		0016F79F230AEF13004FB3E3 /* Frameworks */ = {
			isa = PBXFrameworksBuildPhase;
			buildActionMask = 2147483647;
			files = (
				0016F7DA230AF11B004FB3E3 /* NetworkPackage in Frameworks */,
			);
			runOnlyForDeploymentPostprocessing = 0;
		};
		0016F7B5230AEF16004FB3E3 /* Frameworks */ = {
			isa = PBXFrameworksBuildPhase;
			buildActionMask = 2147483647;
			files = (
			);
			runOnlyForDeploymentPostprocessing = 0;
		};
		0016F7C0230AEF16004FB3E3 /* Frameworks */ = {
			isa = PBXFrameworksBuildPhase;
			buildActionMask = 2147483647;
			files = (
			);
			runOnlyForDeploymentPostprocessing = 0;
		};
/* End PBXFrameworksBuildPhase section */

/* Begin PBXGroup section */
		0016F799230AEF13004FB3E3 = {
			isa = PBXGroup;
			children = (
				0016F7A4230AEF13004FB3E3 /* DiffableExample */,
				0016F7BB230AEF16004FB3E3 /* DiffableExampleTests */,
				0016F7C6230AEF16004FB3E3 /* DiffableExampleUITests */,
				0016F7A3230AEF13004FB3E3 /* Products */,
			);
			sourceTree = "<group>";
		};
		0016F7A3230AEF13004FB3E3 /* Products */ = {
			isa = PBXGroup;
			children = (
				0016F7A2230AEF13004FB3E3 /* DiffableExample.app */,
				0016F7B8230AEF16004FB3E3 /* DiffableExampleTests.xctest */,
				0016F7C3230AEF16004FB3E3 /* DiffableExampleUITests.xctest */,
			);
			name = Products;
			sourceTree = "<group>";
		};
		0016F7A4230AEF13004FB3E3 /* DiffableExample */ = {
			isa = PBXGroup;
			children = (
				0016F7A5230AEF13004FB3E3 /* AppDelegate.swift */,
				0016F7A7230AEF13004FB3E3 /* SceneDelegate.swift */,
				0016F7A9230AEF13004FB3E3 /* ViewController.swift */,
				0016F7E8230AF276004FB3E3 /* cells */,
				0016F7DB230AF160004FB3E3 /* Model */,
				0016F7AB230AEF13004FB3E3 /* Main.storyboard */,
				0016F7AE230AEF16004FB3E3 /* Assets.xcassets */,
				0016F7B0230AEF16004FB3E3 /* LaunchScreen.storyboard */,
				0016F7B3230AEF16004FB3E3 /* Info.plist */,
				0016F7ED230B1A7E004FB3E3 /* DateExtension.swift */,
			);
			path = DiffableExample;
			sourceTree = "<group>";
		};
		0016F7BB230AEF16004FB3E3 /* DiffableExampleTests */ = {
			isa = PBXGroup;
			children = (
				0016F7BC230AEF16004FB3E3 /* DiffableExampleTests.swift */,
				0016F7BE230AEF16004FB3E3 /* Info.plist */,
			);
			path = DiffableExampleTests;
			sourceTree = "<group>";
		};
		0016F7C6230AEF16004FB3E3 /* DiffableExampleUITests */ = {
			isa = PBXGroup;
			children = (
				0016F7C7230AEF16004FB3E3 /* DiffableExampleUITests.swift */,
				0016F7C9230AEF16004FB3E3 /* Info.plist */,
			);
			path = DiffableExampleUITests;
			sourceTree = "<group>";
		};
		0016F7DB230AF160004FB3E3 /* Model */ = {
			isa = PBXGroup;
			children = (
				0016F7DF230AF170004FB3E3 /* JsonAssociatedData.swift */,
				0016F7DC230AF170004FB3E3 /* Owner.swift */,
				0016F7DE230AF170004FB3E3 /* OwnerAvatar.swift */,
				0016F7DD230AF170004FB3E3 /* Page.swift */,
				0016F7E0230AF170004FB3E3 /* Repository.swift */,
				0016F7E6230AF1F5004FB3E3 /* Constants.swift */,
			);
			path = Model;
			sourceTree = "<group>";
		};
		0016F7E8230AF276004FB3E3 /* cells */ = {
			isa = PBXGroup;
			children = (
				0016F7EA230AF285004FB3E3 /* ReposTableViewCell.swift */,
				0016F7E9230AF285004FB3E3 /* ReposTableViewCell.xib */,
			);
			path = cells;
			sourceTree = "<group>";
		};
/* End PBXGroup section */

/* Begin PBXNativeTarget section */
		0016F7A1230AEF13004FB3E3 /* DiffableExample */ = {
			isa = PBXNativeTarget;
			buildConfigurationList = 0016F7CC230AEF16004FB3E3 /* Build configuration list for PBXNativeTarget "DiffableExample" */;
			buildPhases = (
				0016F79E230AEF13004FB3E3 /* Sources */,
				0016F79F230AEF13004FB3E3 /* Frameworks */,
				0016F7A0230AEF13004FB3E3 /* Resources */,
			);
			buildRules = (
			);
			dependencies = (
			);
			name = DiffableExample;
			packageProductDependencies = (
				0016F7D9230AF11B004FB3E3 /* NetworkPackage */,
			);
			productName = DiffableExample;
			productReference = 0016F7A2230AEF13004FB3E3 /* DiffableExample.app */;
			productType = "com.apple.product-type.application";
		};
		0016F7B7230AEF16004FB3E3 /* DiffableExampleTests */ = {
			isa = PBXNativeTarget;
			buildConfigurationList = 0016F7CF230AEF16004FB3E3 /* Build configuration list for PBXNativeTarget "DiffableExampleTests" */;
			buildPhases = (
				0016F7B4230AEF16004FB3E3 /* Sources */,
				0016F7B5230AEF16004FB3E3 /* Frameworks */,
				0016F7B6230AEF16004FB3E3 /* Resources */,
			);
			buildRules = (
			);
			dependencies = (
				0016F7BA230AEF16004FB3E3 /* PBXTargetDependency */,
			);
			name = DiffableExampleTests;
			productName = DiffableExampleTests;
			productReference = 0016F7B8230AEF16004FB3E3 /* DiffableExampleTests.xctest */;
			productType = "com.apple.product-type.bundle.unit-test";
		};
		0016F7C2230AEF16004FB3E3 /* DiffableExampleUITests */ = {
			isa = PBXNativeTarget;
			buildConfigurationList = 0016F7D2230AEF16004FB3E3 /* Build configuration list for PBXNativeTarget "DiffableExampleUITests" */;
			buildPhases = (
				0016F7BF230AEF16004FB3E3 /* Sources */,
				0016F7C0230AEF16004FB3E3 /* Frameworks */,
				0016F7C1230AEF16004FB3E3 /* Resources */,
			);
			buildRules = (
			);
			dependencies = (
				0016F7C5230AEF16004FB3E3 /* PBXTargetDependency */,
			);
			name = DiffableExampleUITests;
			productName = DiffableExampleUITests;
			productReference = 0016F7C3230AEF16004FB3E3 /* DiffableExampleUITests.xctest */;
			productType = "com.apple.product-type.bundle.ui-testing";
		};
/* End PBXNativeTarget section */

/* Begin PBXProject section */
		0016F79A230AEF13004FB3E3 /* Project object */ = {
			isa = PBXProject;
			attributes = {
				LastSwiftUpdateCheck = 1100;
				LastUpgradeCheck = 1100;
				ORGANIZATIONNAME = "Arie Guttman";
				TargetAttributes = {
					0016F7A1230AEF13004FB3E3 = {
						CreatedOnToolsVersion = 11.0;
					};
					0016F7B7230AEF16004FB3E3 = {
						CreatedOnToolsVersion = 11.0;
						TestTargetID = 0016F7A1230AEF13004FB3E3;
					};
					0016F7C2230AEF16004FB3E3 = {
						CreatedOnToolsVersion = 11.0;
						TestTargetID = 0016F7A1230AEF13004FB3E3;
					};
				};
			};
			buildConfigurationList = 0016F79D230AEF13004FB3E3 /* Build configuration list for PBXProject "DiffableExample" */;
			compatibilityVersion = "Xcode 9.3";
			developmentRegion = en;
			hasScannedForEncodings = 0;
			knownRegions = (
				en,
				Base,
			);
			mainGroup = 0016F799230AEF13004FB3E3;
			packageReferences = (
				0016F7D8230AF11B004FB3E3 /* XCRemoteSwiftPackageReference "NetworkPackage" */,
			);
			productRefGroup = 0016F7A3230AEF13004FB3E3 /* Products */;
			projectDirPath = "";
			projectRoot = "";
			targets = (
				0016F7A1230AEF13004FB3E3 /* DiffableExample */,
				0016F7B7230AEF16004FB3E3 /* DiffableExampleTests */,
				0016F7C2230AEF16004FB3E3 /* DiffableExampleUITests */,
			);
		};
/* End PBXProject section */

/* Begin PBXResourcesBuildPhase section */
		0016F7A0230AEF13004FB3E3 /* Resources */ = {
			isa = PBXResourcesBuildPhase;
			buildActionMask = 2147483647;
			files = (
				0016F7B2230AEF16004FB3E3 /* LaunchScreen.storyboard in Resources */,
				0016F7AF230AEF16004FB3E3 /* Assets.xcassets in Resources */,
				0016F7AD230AEF13004FB3E3 /* Main.storyboard in Resources */,
				0016F7EB230AF285004FB3E3 /* ReposTableViewCell.xib in Resources */,
			);
			runOnlyForDeploymentPostprocessing = 0;
		};
		0016F7B6230AEF16004FB3E3 /* Resources */ = {
			isa = PBXResourcesBuildPhase;
			buildActionMask = 2147483647;
			files = (
			);
			runOnlyForDeploymentPostprocessing = 0;
		};
		0016F7C1230AEF16004FB3E3 /* Resources */ = {
			isa = PBXResourcesBuildPhase;
			buildActionMask = 2147483647;
			files = (
			);
			runOnlyForDeploymentPostprocessing = 0;
		};
/* End PBXResourcesBuildPhase section */

/* Begin PBXSourcesBuildPhase section */
		0016F79E230AEF13004FB3E3 /* Sources */ = {
			isa = PBXSourcesBuildPhase;
			buildActionMask = 2147483647;
			files = (
				0016F7E3230AF170004FB3E3 /* OwnerAvatar.swift in Sources */,
				0016F7EC230AF285004FB3E3 /* ReposTableViewCell.swift in Sources */,
				0016F7AA230AEF13004FB3E3 /* ViewController.swift in Sources */,
				0016F7E1230AF170004FB3E3 /* Owner.swift in Sources */,
				0016F7E5230AF170004FB3E3 /* Repository.swift in Sources */,
				0016F7A6230AEF13004FB3E3 /* AppDelegate.swift in Sources */,
				0016F7EE230B1A7E004FB3E3 /* DateExtension.swift in Sources */,
				0016F7A8230AEF13004FB3E3 /* SceneDelegate.swift in Sources */,
				0016F7E4230AF170004FB3E3 /* JsonAssociatedData.swift in Sources */,
				0016F7E2230AF170004FB3E3 /* Page.swift in Sources */,
				0016F7E7230AF1F5004FB3E3 /* Constants.swift in Sources */,
			);
			runOnlyForDeploymentPostprocessing = 0;
		};
		0016F7B4230AEF16004FB3E3 /* Sources */ = {
			isa = PBXSourcesBuildPhase;
			buildActionMask = 2147483647;
			files = (
				0016F7BD230AEF16004FB3E3 /* DiffableExampleTests.swift in Sources */,
			);
			runOnlyForDeploymentPostprocessing = 0;
		};
		0016F7BF230AEF16004FB3E3 /* Sources */ = {
			isa = PBXSourcesBuildPhase;
			buildActionMask = 2147483647;
			files = (
				0016F7C8230AEF16004FB3E3 /* DiffableExampleUITests.swift in Sources */,
			);
			runOnlyForDeploymentPostprocessing = 0;
		};
/* End PBXSourcesBuildPhase section */

/* Begin PBXTargetDependency section */
		0016F7BA230AEF16004FB3E3 /* PBXTargetDependency */ = {
			isa = PBXTargetDependency;
			target = 0016F7A1230AEF13004FB3E3 /* DiffableExample */;
			targetProxy = 0016F7B9230AEF16004FB3E3 /* PBXContainerItemProxy */;
		};
		0016F7C5230AEF16004FB3E3 /* PBXTargetDependency */ = {
			isa = PBXTargetDependency;
			target = 0016F7A1230AEF13004FB3E3 /* DiffableExample */;
			targetProxy = 0016F7C4230AEF16004FB3E3 /* PBXContainerItemProxy */;
		};
/* End PBXTargetDependency section */

/* Begin PBXVariantGroup section */
		0016F7AB230AEF13004FB3E3 /* Main.storyboard */ = {
			isa = PBXVariantGroup;
			children = (
				0016F7AC230AEF13004FB3E3 /* Base */,
			);
			name = Main.storyboard;
			sourceTree = "<group>";
		};
		0016F7B0230AEF16004FB3E3 /* LaunchScreen.storyboard */ = {
			isa = PBXVariantGroup;
			children = (
				0016F7B1230AEF16004FB3E3 /* Base */,
			);
			name = LaunchScreen.storyboard;
			sourceTree = "<group>";
		};
/* End PBXVariantGroup section */

/* Begin XCBuildConfiguration section */
		0016F7CA230AEF16004FB3E3 /* Debug */ = {
			isa = XCBuildConfiguration;
			buildSettings = {
				ALWAYS_SEARCH_USER_PATHS = NO;
				CLANG_ANALYZER_NONNULL = YES;
				CLANG_ANALYZER_NUMBER_OBJECT_CONVERSION = YES_AGGRESSIVE;
				CLANG_CXX_LANGUAGE_STANDARD = "gnu++14";
				CLANG_CXX_LIBRARY = "libc++";
				CLANG_ENABLE_MODULES = YES;
				CLANG_ENABLE_OBJC_ARC = YES;
				CLANG_ENABLE_OBJC_WEAK = YES;
				CLANG_WARN_BLOCK_CAPTURE_AUTORELEASING = YES;
				CLANG_WARN_BOOL_CONVERSION = YES;
				CLANG_WARN_COMMA = YES;
				CLANG_WARN_CONSTANT_CONVERSION = YES;
				CLANG_WARN_DEPRECATED_OBJC_IMPLEMENTATIONS = YES;
				CLANG_WARN_DIRECT_OBJC_ISA_USAGE = YES_ERROR;
				CLANG_WARN_DOCUMENTATION_COMMENTS = YES;
				CLANG_WARN_EMPTY_BODY = YES;
				CLANG_WARN_ENUM_CONVERSION = YES;
				CLANG_WARN_INFINITE_RECURSION = YES;
				CLANG_WARN_INT_CONVERSION = YES;
				CLANG_WARN_NON_LITERAL_NULL_CONVERSION = YES;
				CLANG_WARN_OBJC_IMPLICIT_RETAIN_SELF = YES;
				CLANG_WARN_OBJC_LITERAL_CONVERSION = YES;
				CLANG_WARN_OBJC_ROOT_CLASS = YES_ERROR;
				CLANG_WARN_RANGE_LOOP_ANALYSIS = YES;
				CLANG_WARN_STRICT_PROTOTYPES = YES;
				CLANG_WARN_SUSPICIOUS_MOVE = YES;
				CLANG_WARN_UNGUARDED_AVAILABILITY = YES_AGGRESSIVE;
				CLANG_WARN_UNREACHABLE_CODE = YES;
				CLANG_WARN__DUPLICATE_METHOD_MATCH = YES;
				COPY_PHASE_STRIP = NO;
				DEBUG_INFORMATION_FORMAT = dwarf;
				ENABLE_STRICT_OBJC_MSGSEND = YES;
				ENABLE_TESTABILITY = YES;
				GCC_C_LANGUAGE_STANDARD = gnu11;
				GCC_DYNAMIC_NO_PIC = NO;
				GCC_NO_COMMON_BLOCKS = YES;
				GCC_OPTIMIZATION_LEVEL = 0;
				GCC_PREPROCESSOR_DEFINITIONS = (
					"DEBUG=1",
					"$(inherited)",
				);
				GCC_WARN_64_TO_32_BIT_CONVERSION = YES;
				GCC_WARN_ABOUT_RETURN_TYPE = YES_ERROR;
				GCC_WARN_UNDECLARED_SELECTOR = YES;
				GCC_WARN_UNINITIALIZED_AUTOS = YES_AGGRESSIVE;
				GCC_WARN_UNUSED_FUNCTION = YES;
				GCC_WARN_UNUSED_VARIABLE = YES;
				IPHONEOS_DEPLOYMENT_TARGET = 13.0;
				MTL_ENABLE_DEBUG_INFO = INCLUDE_SOURCE;
				MTL_FAST_MATH = YES;
				ONLY_ACTIVE_ARCH = YES;
				SDKROOT = iphoneos;
				SWIFT_ACTIVE_COMPILATION_CONDITIONS = DEBUG;
				SWIFT_OPTIMIZATION_LEVEL = "-Onone";
			};
			name = Debug;
		};
		0016F7CB230AEF16004FB3E3 /* Release */ = {
			isa = XCBuildConfiguration;
			buildSettings = {
				ALWAYS_SEARCH_USER_PATHS = NO;
				CLANG_ANALYZER_NONNULL = YES;
				CLANG_ANALYZER_NUMBER_OBJECT_CONVERSION = YES_AGGRESSIVE;
				CLANG_CXX_LANGUAGE_STANDARD = "gnu++14";
				CLANG_CXX_LIBRARY = "libc++";
				CLANG_ENABLE_MODULES = YES;
				CLANG_ENABLE_OBJC_ARC = YES;
				CLANG_ENABLE_OBJC_WEAK = YES;
				CLANG_WARN_BLOCK_CAPTURE_AUTORELEASING = YES;
				CLANG_WARN_BOOL_CONVERSION = YES;
				CLANG_WARN_COMMA = YES;
				CLANG_WARN_CONSTANT_CONVERSION = YES;
				CLANG_WARN_DEPRECATED_OBJC_IMPLEMENTATIONS = YES;
				CLANG_WARN_DIRECT_OBJC_ISA_USAGE = YES_ERROR;
				CLANG_WARN_DOCUMENTATION_COMMENTS = YES;
				CLANG_WARN_EMPTY_BODY = YES;
				CLANG_WARN_ENUM_CONVERSION = YES;
				CLANG_WARN_INFINITE_RECURSION = YES;
				CLANG_WARN_INT_CONVERSION = YES;
				CLANG_WARN_NON_LITERAL_NULL_CONVERSION = YES;
				CLANG_WARN_OBJC_IMPLICIT_RETAIN_SELF = YES;
				CLANG_WARN_OBJC_LITERAL_CONVERSION = YES;
				CLANG_WARN_OBJC_ROOT_CLASS = YES_ERROR;
				CLANG_WARN_RANGE_LOOP_ANALYSIS = YES;
				CLANG_WARN_STRICT_PROTOTYPES = YES;
				CLANG_WARN_SUSPICIOUS_MOVE = YES;
				CLANG_WARN_UNGUARDED_AVAILABILITY = YES_AGGRESSIVE;
				CLANG_WARN_UNREACHABLE_CODE = YES;
				CLANG_WARN__DUPLICATE_METHOD_MATCH = YES;
				COPY_PHASE_STRIP = NO;
				DEBUG_INFORMATION_FORMAT = "dwarf-with-dsym";
				ENABLE_NS_ASSERTIONS = NO;
				ENABLE_STRICT_OBJC_MSGSEND = YES;
				GCC_C_LANGUAGE_STANDARD = gnu11;
				GCC_NO_COMMON_BLOCKS = YES;
				GCC_WARN_64_TO_32_BIT_CONVERSION = YES;
				GCC_WARN_ABOUT_RETURN_TYPE = YES_ERROR;
				GCC_WARN_UNDECLARED_SELECTOR = YES;
				GCC_WARN_UNINITIALIZED_AUTOS = YES_AGGRESSIVE;
				GCC_WARN_UNUSED_FUNCTION = YES;
				GCC_WARN_UNUSED_VARIABLE = YES;
				IPHONEOS_DEPLOYMENT_TARGET = 13.0;
				MTL_ENABLE_DEBUG_INFO = NO;
				MTL_FAST_MATH = YES;
				SDKROOT = iphoneos;
				SWIFT_COMPILATION_MODE = wholemodule;
				SWIFT_OPTIMIZATION_LEVEL = "-O";
				VALIDATE_PRODUCT = YES;
			};
			name = Release;
		};
		0016F7CD230AEF16004FB3E3 /* Debug */ = {
			isa = XCBuildConfiguration;
			buildSettings = {
				ASSETCATALOG_COMPILER_APPICON_NAME = AppIcon;
				CODE_SIGN_STYLE = Automatic;
				DEVELOPMENT_TEAM = CBLL89G347;
				INFOPLIST_FILE = DiffableExample/Info.plist;
				LD_RUNPATH_SEARCH_PATHS = (
					"$(inherited)",
					"@executable_path/Frameworks",
				);
				PRODUCT_BUNDLE_IDENTIFIER = com.gutty1.DiffableExample;
				PRODUCT_NAME = "$(TARGET_NAME)";
				SWIFT_VERSION = 5.0;
				TARGETED_DEVICE_FAMILY = "1,2";
			};
			name = Debug;
		};
		0016F7CE230AEF16004FB3E3 /* Release */ = {
			isa = XCBuildConfiguration;
			buildSettings = {
				ASSETCATALOG_COMPILER_APPICON_NAME = AppIcon;
				CODE_SIGN_STYLE = Automatic;
				DEVELOPMENT_TEAM = CBLL89G347;
				INFOPLIST_FILE = DiffableExample/Info.plist;
				LD_RUNPATH_SEARCH_PATHS = (
					"$(inherited)",
					"@executable_path/Frameworks",
				);
				PRODUCT_BUNDLE_IDENTIFIER = com.gutty1.DiffableExample;
				PRODUCT_NAME = "$(TARGET_NAME)";
				SWIFT_VERSION = 5.0;
				TARGETED_DEVICE_FAMILY = "1,2";
			};
			name = Release;
		};
		0016F7D0230AEF16004FB3E3 /* Debug */ = {
			isa = XCBuildConfiguration;
			buildSettings = {
				ALWAYS_EMBED_SWIFT_STANDARD_LIBRARIES = YES;
				BUNDLE_LOADER = "$(TEST_HOST)";
				CODE_SIGN_STYLE = Automatic;
				DEVELOPMENT_TEAM = CBLL89G347;
				INFOPLIST_FILE = DiffableExampleTests/Info.plist;
				LD_RUNPATH_SEARCH_PATHS = (
					"$(inherited)",
					"@executable_path/Frameworks",
					"@loader_path/Frameworks",
				);
				PRODUCT_BUNDLE_IDENTIFIER = com.gutty1.DiffableExampleTests;
				PRODUCT_NAME = "$(TARGET_NAME)";
				SWIFT_VERSION = 5.0;
				TARGETED_DEVICE_FAMILY = "1,2";
				TEST_HOST = "$(BUILT_PRODUCTS_DIR)/DiffableExample.app/DiffableExample";
			};
			name = Debug;
		};
		0016F7D1230AEF16004FB3E3 /* Release */ = {
			isa = XCBuildConfiguration;
			buildSettings = {
				ALWAYS_EMBED_SWIFT_STANDARD_LIBRARIES = YES;
				BUNDLE_LOADER = "$(TEST_HOST)";
				CODE_SIGN_STYLE = Automatic;
				DEVELOPMENT_TEAM = CBLL89G347;
				INFOPLIST_FILE = DiffableExampleTests/Info.plist;
				LD_RUNPATH_SEARCH_PATHS = (
					"$(inherited)",
					"@executable_path/Frameworks",
					"@loader_path/Frameworks",
				);
				PRODUCT_BUNDLE_IDENTIFIER = com.gutty1.DiffableExampleTests;
				PRODUCT_NAME = "$(TARGET_NAME)";
				SWIFT_VERSION = 5.0;
				TARGETED_DEVICE_FAMILY = "1,2";
				TEST_HOST = "$(BUILT_PRODUCTS_DIR)/DiffableExample.app/DiffableExample";
			};
			name = Release;
		};
		0016F7D3230AEF16004FB3E3 /* Debug */ = {
			isa = XCBuildConfiguration;
			buildSettings = {
				ALWAYS_EMBED_SWIFT_STANDARD_LIBRARIES = YES;
				CODE_SIGN_STYLE = Automatic;
				DEVELOPMENT_TEAM = CBLL89G347;
				INFOPLIST_FILE = DiffableExampleUITests/Info.plist;
				LD_RUNPATH_SEARCH_PATHS = (
					"$(inherited)",
					"@executable_path/Frameworks",
					"@loader_path/Frameworks",
				);
				PRODUCT_BUNDLE_IDENTIFIER = com.gutty1.DiffableExampleUITests;
				PRODUCT_NAME = "$(TARGET_NAME)";
				SWIFT_VERSION = 5.0;
				TARGETED_DEVICE_FAMILY = "1,2";
				TEST_TARGET_NAME = DiffableExample;
			};
			name = Debug;
		};
		0016F7D4230AEF16004FB3E3 /* Release */ = {
			isa = XCBuildConfiguration;
			buildSettings = {
				ALWAYS_EMBED_SWIFT_STANDARD_LIBRARIES = YES;
				CODE_SIGN_STYLE = Automatic;
				DEVELOPMENT_TEAM = CBLL89G347;
				INFOPLIST_FILE = DiffableExampleUITests/Info.plist;
				LD_RUNPATH_SEARCH_PATHS = (
					"$(inherited)",
					"@executable_path/Frameworks",
					"@loader_path/Frameworks",
				);
				PRODUCT_BUNDLE_IDENTIFIER = com.gutty1.DiffableExampleUITests;
				PRODUCT_NAME = "$(TARGET_NAME)";
				SWIFT_VERSION = 5.0;
				TARGETED_DEVICE_FAMILY = "1,2";
				TEST_TARGET_NAME = DiffableExample;
			};
			name = Release;
		};
/* End XCBuildConfiguration section */

/* Begin XCConfigurationList section */
		0016F79D230AEF13004FB3E3 /* Build configuration list for PBXProject "DiffableExample" */ = {
			isa = XCConfigurationList;
			buildConfigurations = (
				0016F7CA230AEF16004FB3E3 /* Debug */,
				0016F7CB230AEF16004FB3E3 /* Release */,
			);
			defaultConfigurationIsVisible = 0;
			defaultConfigurationName = Release;
		};
		0016F7CC230AEF16004FB3E3 /* Build configuration list for PBXNativeTarget "DiffableExample" */ = {
			isa = XCConfigurationList;
			buildConfigurations = (
				0016F7CD230AEF16004FB3E3 /* Debug */,
				0016F7CE230AEF16004FB3E3 /* Release */,
			);
			defaultConfigurationIsVisible = 0;
			defaultConfigurationName = Release;
		};
		0016F7CF230AEF16004FB3E3 /* Build configuration list for PBXNativeTarget "DiffableExampleTests" */ = {
			isa = XCConfigurationList;
			buildConfigurations = (
				0016F7D0230AEF16004FB3E3 /* Debug */,
				0016F7D1230AEF16004FB3E3 /* Release */,
			);
			defaultConfigurationIsVisible = 0;
			defaultConfigurationName = Release;
		};
		0016F7D2230AEF16004FB3E3 /* Build configuration list for PBXNativeTarget "DiffableExampleUITests" */ = {
			isa = XCConfigurationList;
			buildConfigurations = (
				0016F7D3230AEF16004FB3E3 /* Debug */,
				0016F7D4230AEF16004FB3E3 /* Release */,
			);
			defaultConfigurationIsVisible = 0;
			defaultConfigurationName = Release;
		};
/* End XCConfigurationList section */

/* Begin XCRemoteSwiftPackageReference section */
		0016F7D8230AF11B004FB3E3 /* XCRemoteSwiftPackageReference "NetworkPackage" */ = {
			isa = XCRemoteSwiftPackageReference;
			repositoryURL = "https://github.com/Gutty1/NetworkPackage.git";
			requirement = {
				kind = upToNextMajorVersion;
				minimumVersion = 1.0.0;
			};
		};
/* End XCRemoteSwiftPackageReference section */

/* Begin XCSwiftPackageProductDependency section */
		0016F7D9230AF11B004FB3E3 /* NetworkPackage */ = {
			isa = XCSwiftPackageProductDependency;
			package = 0016F7D8230AF11B004FB3E3 /* XCRemoteSwiftPackageReference "NetworkPackage" */;
			productName = NetworkPackage;
		};
/* End XCSwiftPackageProductDependency section */
	};
	rootObject = 0016F79A230AEF13004FB3E3 /* Project object */;
}
